
Microsoft Visual Studio Solution File, Format Version 12.00
# Visual Studio 14
VisualStudioVersion = 14.0.25420.1
MinimumVisualStudioVersion = 10.0.40219.1
Project("{FAE04EC0-301F-11D3-BF4B-00C04F79EFBC}") = "EventStore.Tools.Example.AppServicePlugin", "EventStore.Tools.Example.AppServicePlugin\EventStore.Tools.Example.AppServicePlugin.csproj", "{82B6144E-A36F-4EB7-82B3-56981A441CCE}"
EndProject
Project("{FAE04EC0-301F-11D3-BF4B-00C04F79EFBC}") = "EventStore.Tools.Example.Contracts", "EventStore.Tools.Example.Contracts\EventStore.Tools.Example.Contracts.csproj", "{CBA775BD-02E5-4C5B-9751-5B88FCD624DF}"
EndProject
Project("{FAE04EC0-301F-11D3-BF4B-00C04F79EFBC}") = "EventStore.Tools.Example.Domain", "EventStore.Tools.Example.Domain\EventStore.Tools.Example.Domain.csproj", "{096CB927-D025-4795-92E0-616100514543}"
EndProject
Project("{FAE04EC0-301F-11D3-BF4B-00C04F79EFBC}") = "EventStore.Tools.Example.Host", "EventStore.Tools.Example.Host\EventStore.Tools.Example.Host.csproj", "{5FBBB534-E39A-4931-9193-A2C12B0DF65C}"
EndProject
Project("{FAE04EC0-301F-11D3-BF4B-00C04F79EFBC}") = "EventStore.Tools.Example.Tests", "EventStore.Tools.Example.Tests\EventStore.Tools.Example.Tests.csproj", "{273810F9-BE6D-4247-9CED-9D06CA31B419}"
EndProject
Global
	GlobalSection(SolutionConfigurationPlatforms) = preSolution
		Debug|Any CPU = Debug|Any CPU
		Release|Any CPU = Release|Any CPU
	EndGlobalSection
	GlobalSection(ProjectConfigurationPlatforms) = postSolution
		{82B6144E-A36F-4EB7-82B3-56981A441CCE}.Debug|Any CPU.ActiveCfg = Debug|Any CPU
		{82B6144E-A36F-4EB7-82B3-56981A441CCE}.Debug|Any CPU.Build.0 = Debug|Any CPU
		{82B6144E-A36F-4EB7-82B3-56981A441CCE}.Release|Any CPU.ActiveCfg = Release|Any CPU
		{82B6144E-A36F-4EB7-82B3-56981A441CCE}.Release|Any CPU.Build.0 = Release|Any CPU
		{CBA775BD-02E5-4C5B-9751-5B88FCD624DF}.Debug|Any CPU.ActiveCfg = Debug|Any CPU
		{CBA775BD-02E5-4C5B-9751-5B88FCD624DF}.Debug|Any CPU.Build.0 = Debug|Any CPU
		{CBA775BD-02E5-4C5B-9751-5B88FCD624DF}.Release|Any CPU.ActiveCfg = Release|Any CPU
		{CBA775BD-02E5-4C5B-9751-5B88FCD624DF}.Release|Any CPU.Build.0 = Release|Any CPU
		{096CB927-D025-4795-92E0-616100514543}.Debug|Any CPU.ActiveCfg = Debug|Any CPU
		{096CB927-D025-4795-92E0-616100514543}.Debug|Any CPU.Build.0 = Debug|Any CPU
		{096CB927-D025-4795-92E0-616100514543}.Release|Any CPU.ActiveCfg = Release|Any CPU
		{096CB927-D025-4795-92E0-616100514543}.Release|Any CPU.Build.0 = Release|Any CPU
		{5FBBB534-E39A-4931-9193-A2C12B0DF65C}.Debug|Any CPU.ActiveCfg = Debug|Any CPU
		{5FBBB534-E39A-4931-9193-A2C12B0DF65C}.Debug|Any CPU.Build.0 = Debug|Any CPU
		{5FBBB534-E39A-4931-9193-A2C12B0DF65C}.Release|Any CPU.ActiveCfg = Release|Any CPU
		{5FBBB534-E39A-4931-9193-A2C12B0DF65C}.Release|Any CPU.Build.0 = Release|Any CPU
		{273810F9-BE6D-4247-9CED-9D06CA31B419}.Debug|Any CPU.ActiveCfg = Debug|Any CPU
		{273810F9-BE6D-4247-9CED-9D06CA31B419}.Debug|Any CPU.Build.0 = Debug|Any CPU
		{273810F9-BE6D-4247-9CED-9D06CA31B419}.Release|Any CPU.ActiveCfg = Release|Any CPU
		{273810F9-BE6D-4247-9CED-9D06CA31B419}.Release|Any CPU.Build.0 = Release|Any CPU
	EndGlobalSection
	GlobalSection(SolutionProperties) = preSolution
		HideSolutionNode = FALSE
	EndGlobalSection
EndGlobal
