
Microsoft Visual Studio Solution File, Format Version 12.00
# Visual Studio 14
VisualStudioVersion = 14.0.25420.1
MinimumVisualStudioVersion = 10.0.40219.1
Project("{FAE04EC0-301F-11D3-BF4B-00C04F79EFBC}") = "EventStore.Tools.Infrastructure", "EventStore.Tools.Infrastructure\EventStore.Tools.Infrastructure.csproj", "{7191C171-A94A-4153-9FD3-7DC7BFACA1B1}"
EndProject
Project("{FAE04EC0-301F-11D3-BF4B-00C04F79EFBC}") = "Infrastructure.Tests", "Infrastructure.Tests\Infrastructure.Tests.csproj", "{DC376187-B232-4D06-93D4-90524ED4CFAC}"
EndProject
Global
	GlobalSection(SolutionConfigurationPlatforms) = preSolution
		Debug|Any CPU = Debug|Any CPU
		Release|Any CPU = Release|Any CPU
	EndGlobalSection
	GlobalSection(ProjectConfigurationPlatforms) = postSolution
		{7191C171-A94A-4153-9FD3-7DC7BFACA1B1}.Debug|Any CPU.ActiveCfg = Debug|Any CPU
		{7191C171-A94A-4153-9FD3-7DC7BFACA1B1}.Debug|Any CPU.Build.0 = Debug|Any CPU
		{7191C171-A94A-4153-9FD3-7DC7BFACA1B1}.Release|Any CPU.ActiveCfg = Release|Any CPU
		{7191C171-A94A-4153-9FD3-7DC7BFACA1B1}.Release|Any CPU.Build.0 = Release|Any CPU
		{DC376187-B232-4D06-93D4-90524ED4CFAC}.Debug|Any CPU.ActiveCfg = Debug|Any CPU
		{DC376187-B232-4D06-93D4-90524ED4CFAC}.Debug|Any CPU.Build.0 = Debug|Any CPU
		{DC376187-B232-4D06-93D4-90524ED4CFAC}.Release|Any CPU.ActiveCfg = Release|Any CPU
		{DC376187-B232-4D06-93D4-90524ED4CFAC}.Release|Any CPU.Build.0 = Release|Any CPU
	EndGlobalSection
	GlobalSection(SolutionProperties) = preSolution
		HideSolutionNode = FALSE
	EndGlobalSection
EndGlobal
