
Microsoft Visual Studio Solution File, Format Version 12.00
# Visual Studio Version 17
VisualStudioVersion = 17.0.31903.59
MinimumVisualStudioVersion = 10.0.40219.1
Project("{9A19103F-16F7-4668-BE54-9A1E7A4F7556}") = "Evento", "Evento\Evento.csproj", "{8911CBB6-D578-49DF-BFBE-A1819BCE2293}"
EndProject
Project("{9A19103F-16F7-4668-BE54-9A1E7A4F7556}") = "Evento.Repository", "Evento.Repository\Evento.Repository.csproj", "{1A2C9E67-0483-4317-898A-8DA368CFA46F}"
EndProject
Project("{9A19103F-16F7-4668-BE54-9A1E7A4F7556}") = "Evento.TestClient", "Evento.TestClient\Evento.TestClient.csproj", "{192B6F58-C012-405E-AE28-B24505EDE112}"
EndProject
Project("{9A19103F-16F7-4668-BE54-9A1E7A4F7556}") = "Evento.Tests", "Evento.Tests\Evento.Tests.csproj", "{8718381C-6954-42B0-891C-53B3B9CA0C1B}"
EndProject
Project("{FAE04EC0-301F-11D3-BF4B-00C04F79EFBC}") = "Evento.Repository.Grpc", "Evento.Repository.Grpc\Evento.Repository.Grpc.csproj", "{45E8E1B3-2AC1-47D3-B02E-D44639517C6D}"
EndProject
Project("{FAE04EC0-301F-11D3-BF4B-00C04F79EFBC}") = "Evento.TestClient.Grpc", "Evento.TestClient.Grpc\Evento.TestClient.Grpc.csproj", "{A96B7280-279B-46ED-9AAA-6A88EA46AB80}"
EndProject
Global
	GlobalSection(SolutionConfigurationPlatforms) = preSolution
		Debug|Any CPU = Debug|Any CPU
		Release|Any CPU = Release|Any CPU
	EndGlobalSection
	GlobalSection(ProjectConfigurationPlatforms) = postSolution
		{8911CBB6-D578-49DF-BFBE-A1819BCE2293}.Debug|Any CPU.ActiveCfg = Debug|Any CPU
		{8911CBB6-D578-49DF-BFBE-A1819BCE2293}.Debug|Any CPU.Build.0 = Debug|Any CPU
		{8911CBB6-D578-49DF-BFBE-A1819BCE2293}.Release|Any CPU.ActiveCfg = Release|Any CPU
		{8911CBB6-D578-49DF-BFBE-A1819BCE2293}.Release|Any CPU.Build.0 = Release|Any CPU
		{1A2C9E67-0483-4317-898A-8DA368CFA46F}.Debug|Any CPU.ActiveCfg = Debug|Any CPU
		{1A2C9E67-0483-4317-898A-8DA368CFA46F}.Debug|Any CPU.Build.0 = Debug|Any CPU
		{1A2C9E67-0483-4317-898A-8DA368CFA46F}.Release|Any CPU.ActiveCfg = Release|Any CPU
		{1A2C9E67-0483-4317-898A-8DA368CFA46F}.Release|Any CPU.Build.0 = Release|Any CPU
		{192B6F58-C012-405E-AE28-B24505EDE112}.Debug|Any CPU.ActiveCfg = Debug|Any CPU
		{192B6F58-C012-405E-AE28-B24505EDE112}.Debug|Any CPU.Build.0 = Debug|Any CPU
		{192B6F58-C012-405E-AE28-B24505EDE112}.Release|Any CPU.ActiveCfg = Release|Any CPU
		{192B6F58-C012-405E-AE28-B24505EDE112}.Release|Any CPU.Build.0 = Release|Any CPU
		{8718381C-6954-42B0-891C-53B3B9CA0C1B}.Debug|Any CPU.ActiveCfg = Debug|Any CPU
		{8718381C-6954-42B0-891C-53B3B9CA0C1B}.Debug|Any CPU.Build.0 = Debug|Any CPU
		{8718381C-6954-42B0-891C-53B3B9CA0C1B}.Release|Any CPU.ActiveCfg = Release|Any CPU
		{8718381C-6954-42B0-891C-53B3B9CA0C1B}.Release|Any CPU.Build.0 = Release|Any CPU
		{45E8E1B3-2AC1-47D3-B02E-D44639517C6D}.Debug|Any CPU.ActiveCfg = Debug|Any CPU
		{45E8E1B3-2AC1-47D3-B02E-D44639517C6D}.Debug|Any CPU.Build.0 = Debug|Any CPU
		{45E8E1B3-2AC1-47D3-B02E-D44639517C6D}.Release|Any CPU.ActiveCfg = Release|Any CPU
		{45E8E1B3-2AC1-47D3-B02E-D44639517C6D}.Release|Any CPU.Build.0 = Release|Any CPU
		{A96B7280-279B-46ED-9AAA-6A88EA46AB80}.Debug|Any CPU.ActiveCfg = Debug|Any CPU
		{A96B7280-279B-46ED-9AAA-6A88EA46AB80}.Debug|Any CPU.Build.0 = Debug|Any CPU
		{A96B7280-279B-46ED-9AAA-6A88EA46AB80}.Release|Any CPU.ActiveCfg = Release|Any CPU
		{A96B7280-279B-46ED-9AAA-6A88EA46AB80}.Release|Any CPU.Build.0 = Release|Any CPU
	EndGlobalSection
	GlobalSection(SolutionProperties) = preSolution
		HideSolutionNode = FALSE
	EndGlobalSection
	GlobalSection(ExtensibilityGlobals) = postSolution
		SolutionGuid = {28B0E237-3C3F-4066-BBC8-367241CA3432}
	EndGlobalSection
EndGlobal
