
Microsoft Visual Studio Solution File, Format Version 12.00
# Visual Studio 15
VisualStudioVersion = 15.0.26403.7
MinimumVisualStudioVersion = 10.0.40219.1
Project("{FAE04EC0-301F-11D3-BF4B-00C04F79EFBC}") = "Infrastructure.Tests", "Infrastructure.Tests\Infrastructure.Tests.csproj", "{DC376187-B232-4D06-93D4-90524ED4CFAC}"
EndProject
Project("{FAE04EC0-301F-11D3-BF4B-00C04F79EFBC}") = "Evento.Repository", "Evento.Repository\Evento.Repository.csproj", "{1A2C9E67-0483-4317-898A-8DA368CFA46F}"
EndProject
Project("{FAE04EC0-301F-11D3-BF4B-00C04F79EFBC}") = "Evento", "Evento\Evento.csproj", "{8911CBB6-D578-49DF-BFBE-A1819BCE2293}"
EndProject
Global
	GlobalSection(SolutionConfigurationPlatforms) = preSolution
		Debug|Any CPU = Debug|Any CPU
		Release|Any CPU = Release|Any CPU
	EndGlobalSection
	GlobalSection(ProjectConfigurationPlatforms) = postSolution
		{DC376187-B232-4D06-93D4-90524ED4CFAC}.Debug|Any CPU.ActiveCfg = Debug|Any CPU
		{DC376187-B232-4D06-93D4-90524ED4CFAC}.Debug|Any CPU.Build.0 = Debug|Any CPU
		{DC376187-B232-4D06-93D4-90524ED4CFAC}.Release|Any CPU.ActiveCfg = Release|Any CPU
		{DC376187-B232-4D06-93D4-90524ED4CFAC}.Release|Any CPU.Build.0 = Release|Any CPU
		{1A2C9E67-0483-4317-898A-8DA368CFA46F}.Debug|Any CPU.ActiveCfg = Debug|Any CPU
		{1A2C9E67-0483-4317-898A-8DA368CFA46F}.Debug|Any CPU.Build.0 = Debug|Any CPU
		{1A2C9E67-0483-4317-898A-8DA368CFA46F}.Release|Any CPU.ActiveCfg = Release|Any CPU
		{1A2C9E67-0483-4317-898A-8DA368CFA46F}.Release|Any CPU.Build.0 = Release|Any CPU
		{8911CBB6-D578-49DF-BFBE-A1819BCE2293}.Debug|Any CPU.ActiveCfg = Debug|Any CPU
		{8911CBB6-D578-49DF-BFBE-A1819BCE2293}.Debug|Any CPU.Build.0 = Debug|Any CPU
		{8911CBB6-D578-49DF-BFBE-A1819BCE2293}.Release|Any CPU.ActiveCfg = Release|Any CPU
		{8911CBB6-D578-49DF-BFBE-A1819BCE2293}.Release|Any CPU.Build.0 = Release|Any CPU
	EndGlobalSection
	GlobalSection(SolutionProperties) = preSolution
		HideSolutionNode = FALSE
	EndGlobalSection
EndGlobal
